
Microsoft Visual Studio Solution File, Format Version 12.00
# Visual Studio Version 16
VisualStudioVersion = 16.0.31702.278
MinimumVisualStudioVersion = 10.0.40219.1
Project("{FAE04EC0-301F-11D3-BF4B-00C04F79EFBC}") = "Baklava", "Baklava.csproj", "{A1984715-A1C3-4EBE-B192-28AD2B27E046}"
EndProject
Global
	GlobalSection(SolutionConfigurationPlatforms) = preSolution
		Debug|Any CPU = Debug|Any CPU
		Release|Any CPU = Release|Any CPU
	EndGlobalSection
	GlobalSection(ProjectConfigurationPlatforms) = postSolution
		{A1984715-A1C3-4EBE-B192-28AD2B27E046}.Debug|Any CPU.ActiveCfg = Debug|Any CPU
		{A1984715-A1C3-4EBE-B192-28AD2B27E046}.Debug|Any CPU.Build.0 = Debug|Any CPU
		{A1984715-A1C3-4EBE-B192-28AD2B27E046}.Release|Any CPU.ActiveCfg = Release|Any CPU
		{A1984715-A1C3-4EBE-B192-28AD2B27E046}.Release|Any CPU.Build.0 = Release|Any CPU
	EndGlobalSection
	GlobalSection(SolutionProperties) = preSolution
		HideSolutionNode = FALSE
	EndGlobalSection
	GlobalSection(ExtensibilityGlobals) = postSolution
		SolutionGuid = {427C235C-7BF8-4AD9-BE4C-EC7C0461F644}
	EndGlobalSection
EndGlobal
